// !$*UTF8*$!
{
	archiveVersion = 1;
	classes = {
	};
	objectVersion = 50;
	objects = {

/* Begin PBXBuildFile section */
		75FE49D45361921D0DD502AB /* Pods_app_ios2.framework in Frameworks */ = {isa = PBXBuildFile; fileRef = 7E0F9871340ECB6F7DAE752A /* Pods_app_ios2.framework */; };
		9750034A2218945C00213DA1 /* AppDelegate.swift in Sources */ = {isa = PBXBuildFile; fileRef = 975003492218945C00213DA1 /* AppDelegate.swift */; };
		9750034C2218945C00213DA1 /* ViewController.swift in Sources */ = {isa = PBXBuildFile; fileRef = 9750034B2218945C00213DA1 /* ViewController.swift */; };
		9750034F2218945C00213DA1 /* Main.storyboard in Resources */ = {isa = PBXBuildFile; fileRef = 9750034D2218945C00213DA1 /* Main.storyboard */; };
		975003512218945D00213DA1 /* Assets.xcassets in Resources */ = {isa = PBXBuildFile; fileRef = 975003502218945D00213DA1 /* Assets.xcassets */; };
		975003542218945D00213DA1 /* LaunchScreen.storyboard in Resources */ = {isa = PBXBuildFile; fileRef = 975003522218945D00213DA1 /* LaunchScreen.storyboard */; };
/* End PBXBuildFile section */

/* Begin PBXFileReference section */
		7E0F9871340ECB6F7DAE752A /* Pods_app_ios2.framework */ = {isa = PBXFileReference; explicitFileType = wrapper.framework; includeInIndex = 0; path = Pods_app_ios2.framework; sourceTree = BUILT_PRODUCTS_DIR; };
		975003462218945C00213DA1 /* app-ios2.app */ = {isa = PBXFileReference; explicitFileType = wrapper.application; includeInIndex = 0; path = "app-ios2.app"; sourceTree = BUILT_PRODUCTS_DIR; };
		975003492218945C00213DA1 /* AppDelegate.swift */ = {isa = PBXFileReference; lastKnownFileType = sourcecode.swift; path = AppDelegate.swift; sourceTree = "<group>"; };
		9750034B2218945C00213DA1 /* ViewController.swift */ = {isa = PBXFileReference; lastKnownFileType = sourcecode.swift; path = ViewController.swift; sourceTree = "<group>"; };
		9750034E2218945C00213DA1 /* Base */ = {isa = PBXFileReference; lastKnownFileType = file.storyboard; name = Base; path = Base.lproj/Main.storyboard; sourceTree = "<group>"; };
		975003502218945D00213DA1 /* Assets.xcassets */ = {isa = PBXFileReference; lastKnownFileType = folder.assetcatalog; path = Assets.xcassets; sourceTree = "<group>"; };
		975003532218945D00213DA1 /* Base */ = {isa = PBXFileReference; lastKnownFileType = file.storyboard; name = Base; path = Base.lproj/LaunchScreen.storyboard; sourceTree = "<group>"; };
		975003552218945D00213DA1 /* Info.plist */ = {isa = PBXFileReference; lastKnownFileType = text.plist.xml; path = Info.plist; sourceTree = "<group>"; };
		C748E57B155175EA8243897D /* Pods-app-ios2.release.xcconfig */ = {isa = PBXFileReference; includeInIndex = 1; lastKnownFileType = text.xcconfig; name = "Pods-app-ios2.release.xcconfig"; path = "Target Support Files/Pods-app-ios2/Pods-app-ios2.release.xcconfig"; sourceTree = "<group>"; };
		D55A2929E040C5CBB241EFF3 /* Pods-app-ios2.debug.xcconfig */ = {isa = PBXFileReference; includeInIndex = 1; lastKnownFileType = text.xcconfig; name = "Pods-app-ios2.debug.xcconfig"; path = "Target Support Files/Pods-app-ios2/Pods-app-ios2.debug.xcconfig"; sourceTree = "<group>"; };
/* End PBXFileReference section */

/* Begin PBXFrameworksBuildPhase section */
		975003432218945C00213DA1 /* Frameworks */ = {
			isa = PBXFrameworksBuildPhase;
			buildActionMask = 2147483647;
			files = (
				75FE49D45361921D0DD502AB /* Pods_app_ios2.framework in Frameworks */,
			);
			runOnlyForDeploymentPostprocessing = 0;
		};
/* End PBXFrameworksBuildPhase section */

/* Begin PBXGroup section */
		53745328A13FD39B2BFCDFF7 /* Pods */ = {
			isa = PBXGroup;
			children = (
				D55A2929E040C5CBB241EFF3 /* Pods-app-ios2.debug.xcconfig */,
				C748E57B155175EA8243897D /* Pods-app-ios2.release.xcconfig */,
			);
			name = Pods;
			path = Pods;
			sourceTree = "<group>";
		};
		9750033D2218945C00213DA1 = {
			isa = PBXGroup;
			children = (
				975003482218945C00213DA1 /* app-ios2 */,
				975003472218945C00213DA1 /* Products */,
				53745328A13FD39B2BFCDFF7 /* Pods */,
				9820F2F343466FAC08C31C92 /* Frameworks */,
			);
			sourceTree = "<group>";
		};
		975003472218945C00213DA1 /* Products */ = {
			isa = PBXGroup;
			children = (
				975003462218945C00213DA1 /* app-ios2.app */,
			);
			name = Products;
			sourceTree = "<group>";
		};
		975003482218945C00213DA1 /* app-ios2 */ = {
			isa = PBXGroup;
			children = (
				975003492218945C00213DA1 /* AppDelegate.swift */,
				9750034B2218945C00213DA1 /* ViewController.swift */,
				9750034D2218945C00213DA1 /* Main.storyboard */,
				975003502218945D00213DA1 /* Assets.xcassets */,
				975003522218945D00213DA1 /* LaunchScreen.storyboard */,
				975003552218945D00213DA1 /* Info.plist */,
			);
			path = "app-ios2";
			sourceTree = "<group>";
		};
		9820F2F343466FAC08C31C92 /* Frameworks */ = {
			isa = PBXGroup;
			children = (
				7E0F9871340ECB6F7DAE752A /* Pods_app_ios2.framework */,
			);
			name = Frameworks;
			sourceTree = "<group>";
		};
/* End PBXGroup section */

/* Begin PBXNativeTarget section */
		975003452218945C00213DA1 /* app-ios2 */ = {
			isa = PBXNativeTarget;
			buildConfigurationList = 975003582218945D00213DA1 /* Build configuration list for PBXNativeTarget "app-ios2" */;
			buildPhases = (
				4C3E26522DDEB69DB9FF4200 /* [CP] Check Pods Manifest.lock */,
				975003422218945C00213DA1 /* Sources */,
				975003432218945C00213DA1 /* Frameworks */,
				975003442218945C00213DA1 /* Resources */,
				9A244248E6D85BD8D8DBBC7D /* [CP] Embed Pods Frameworks */,
			);
			buildRules = (
			);
			dependencies = (
			);
			name = "app-ios2";
			productName = "app-ios2";
			productReference = 975003462218945C00213DA1 /* app-ios2.app */;
			productType = "com.apple.product-type.application";
		};
/* End PBXNativeTarget section */

/* Begin PBXProject section */
		9750033E2218945C00213DA1 /* Project object */ = {
			isa = PBXProject;
			attributes = {
				LastSwiftUpdateCheck = 1010;
				LastUpgradeCheck = 1010;
				ORGANIZATIONNAME = "Robert Sabec";
				TargetAttributes = {
					975003452218945C00213DA1 = {
						CreatedOnToolsVersion = 10.1;
					};
				};
			};
			buildConfigurationList = 975003412218945C00213DA1 /* Build configuration list for PBXProject "app-ios2" */;
			compatibilityVersion = "Xcode 9.3";
			developmentRegion = en;
			hasScannedForEncodings = 0;
			knownRegions = (
				en,
				Base,
			);
			mainGroup = 9750033D2218945C00213DA1;
			productRefGroup = 975003472218945C00213DA1 /* Products */;
			projectDirPath = "";
			projectRoot = "";
			targets = (
				975003452218945C00213DA1 /* app-ios2 */,
			);
		};
/* End PBXProject section */

/* Begin PBXResourcesBuildPhase section */
		975003442218945C00213DA1 /* Resources */ = {
			isa = PBXResourcesBuildPhase;
			buildActionMask = 2147483647;
			files = (
				975003542218945D00213DA1 /* LaunchScreen.storyboard in Resources */,
				975003512218945D00213DA1 /* Assets.xcassets in Resources */,
				9750034F2218945C00213DA1 /* Main.storyboard in Resources */,
			);
			runOnlyForDeploymentPostprocessing = 0;
		};
/* End PBXResourcesBuildPhase section */

/* Begin PBXShellScriptBuildPhase section */
		4C3E26522DDEB69DB9FF4200 /* [CP] Check Pods Manifest.lock */ = {
			isa = PBXShellScriptBuildPhase;
			buildActionMask = 2147483647;
			files = (
			);
			inputFileListPaths = (
			);
			inputPaths = (
				"${PODS_PODFILE_DIR_PATH}/Podfile.lock",
				"${PODS_ROOT}/Manifest.lock",
			);
			name = "[CP] Check Pods Manifest.lock";
			outputFileListPaths = (
			);
			outputPaths = (
				"$(DERIVED_FILE_DIR)/Pods-app-ios2-checkManifestLockResult.txt",
			);
			runOnlyForDeploymentPostprocessing = 0;
			shellPath = /bin/sh;
			shellScript = "diff \"${PODS_PODFILE_DIR_PATH}/Podfile.lock\" \"${PODS_ROOT}/Manifest.lock\" > /dev/null\nif [ $? != 0 ] ; then\n    # print error to STDERR\n    echo \"error: The sandbox is not in sync with the Podfile.lock. Run 'pod install' or update your CocoaPods installation.\" >&2\n    exit 1\nfi\n# This output is used by Xcode 'outputs' to avoid re-running this script phase.\necho \"SUCCESS\" > \"${SCRIPT_OUTPUT_FILE_0}\"\n";
			showEnvVarsInLog = 0;
		};
		9A244248E6D85BD8D8DBBC7D /* [CP] Embed Pods Frameworks */ = {
			isa = PBXShellScriptBuildPhase;
			buildActionMask = 2147483647;
			files = (
			);
			inputFileListPaths = (
			);
			inputPaths = (
				"${PODS_ROOT}/Target Support Files/Pods-app-ios2/Pods-app-ios2-frameworks.sh",
				"${PODS_ROOT}/TealiumCrashReporter/TealiumCrashReporteriOS.framework",
				"${BUILT_PRODUCTS_DIR}/tealium-swift/TealiumSwift.framework",
			);
			name = "[CP] Embed Pods Frameworks";
			outputFileListPaths = (
			);
			outputPaths = (
				"${TARGET_BUILD_DIR}/${FRAMEWORKS_FOLDER_PATH}/TealiumCrashReporteriOS.framework",
				"${TARGET_BUILD_DIR}/${FRAMEWORKS_FOLDER_PATH}/TealiumSwift.framework",
			);
			runOnlyForDeploymentPostprocessing = 0;
			shellPath = /bin/sh;
			shellScript = "\"${PODS_ROOT}/Target Support Files/Pods-app-ios2/Pods-app-ios2-frameworks.sh\"\n";
			showEnvVarsInLog = 0;
		};
/* End PBXShellScriptBuildPhase section */

/* Begin PBXSourcesBuildPhase section */
		975003422218945C00213DA1 /* Sources */ = {
			isa = PBXSourcesBuildPhase;
			buildActionMask = 2147483647;
			files = (
				9750034C2218945C00213DA1 /* ViewController.swift in Sources */,
				9750034A2218945C00213DA1 /* AppDelegate.swift in Sources */,
			);
			runOnlyForDeploymentPostprocessing = 0;
		};
/* End PBXSourcesBuildPhase section */

/* Begin PBXVariantGroup section */
		9750034D2218945C00213DA1 /* Main.storyboard */ = {
			isa = PBXVariantGroup;
			children = (
				9750034E2218945C00213DA1 /* Base */,
			);
			name = Main.storyboard;
			sourceTree = "<group>";
		};
		975003522218945D00213DA1 /* LaunchScreen.storyboard */ = {
			isa = PBXVariantGroup;
			children = (
				975003532218945D00213DA1 /* Base */,
			);
			name = LaunchScreen.storyboard;
			sourceTree = "<group>";
		};
/* End PBXVariantGroup section */

/* Begin XCBuildConfiguration section */
		975003562218945D00213DA1 /* Debug */ = {
			isa = XCBuildConfiguration;
			buildSettings = {
				ALWAYS_SEARCH_USER_PATHS = NO;
				CLANG_ANALYZER_NONNULL = YES;
				CLANG_ANALYZER_NUMBER_OBJECT_CONVERSION = YES_AGGRESSIVE;
				CLANG_CXX_LANGUAGE_STANDARD = "gnu++14";
				CLANG_CXX_LIBRARY = "libc++";
				CLANG_ENABLE_MODULES = YES;
				CLANG_ENABLE_OBJC_ARC = YES;
				CLANG_ENABLE_OBJC_WEAK = YES;
				CLANG_WARN_BLOCK_CAPTURE_AUTORELEASING = YES;
				CLANG_WARN_BOOL_CONVERSION = YES;
				CLANG_WARN_COMMA = YES;
				CLANG_WARN_CONSTANT_CONVERSION = YES;
				CLANG_WARN_DEPRECATED_OBJC_IMPLEMENTATIONS = YES;
				CLANG_WARN_DIRECT_OBJC_ISA_USAGE = YES_ERROR;
				CLANG_WARN_DOCUMENTATION_COMMENTS = YES;
				CLANG_WARN_EMPTY_BODY = YES;
				CLANG_WARN_ENUM_CONVERSION = YES;
				CLANG_WARN_INFINITE_RECURSION = YES;
				CLANG_WARN_INT_CONVERSION = YES;
				CLANG_WARN_NON_LITERAL_NULL_CONVERSION = YES;
				CLANG_WARN_OBJC_IMPLICIT_RETAIN_SELF = YES;
				CLANG_WARN_OBJC_LITERAL_CONVERSION = YES;
				CLANG_WARN_OBJC_ROOT_CLASS = YES_ERROR;
				CLANG_WARN_RANGE_LOOP_ANALYSIS = YES;
				CLANG_WARN_STRICT_PROTOTYPES = YES;
				CLANG_WARN_SUSPICIOUS_MOVE = YES;
				CLANG_WARN_UNGUARDED_AVAILABILITY = YES_AGGRESSIVE;
				CLANG_WARN_UNREACHABLE_CODE = YES;
				CLANG_WARN__DUPLICATE_METHOD_MATCH = YES;
				CODE_SIGN_IDENTITY = "iPhone Developer";
				COPY_PHASE_STRIP = NO;
				DEBUG_INFORMATION_FORMAT = dwarf;
				ENABLE_STRICT_OBJC_MSGSEND = YES;
				ENABLE_TESTABILITY = YES;
				GCC_C_LANGUAGE_STANDARD = gnu11;
				GCC_DYNAMIC_NO_PIC = NO;
				GCC_NO_COMMON_BLOCKS = YES;
				GCC_OPTIMIZATION_LEVEL = 0;
				GCC_PREPROCESSOR_DEFINITIONS = (
					"DEBUG=1",
					"$(inherited)",
				);
				GCC_WARN_64_TO_32_BIT_CONVERSION = YES;
				GCC_WARN_ABOUT_RETURN_TYPE = YES_ERROR;
				GCC_WARN_UNDECLARED_SELECTOR = YES;
				GCC_WARN_UNINITIALIZED_AUTOS = YES_AGGRESSIVE;
				GCC_WARN_UNUSED_FUNCTION = YES;
				GCC_WARN_UNUSED_VARIABLE = YES;
				IPHONEOS_DEPLOYMENT_TARGET = 12.1;
				MTL_ENABLE_DEBUG_INFO = INCLUDE_SOURCE;
				MTL_FAST_MATH = YES;
				ONLY_ACTIVE_ARCH = YES;
				SDKROOT = iphoneos;
				SWIFT_ACTIVE_COMPILATION_CONDITIONS = DEBUG;
				SWIFT_OPTIMIZATION_LEVEL = "-Onone";
			};
			name = Debug;
		};
		975003572218945D00213DA1 /* Release */ = {
			isa = XCBuildConfiguration;
			buildSettings = {
				ALWAYS_SEARCH_USER_PATHS = NO;
				CLANG_ANALYZER_NONNULL = YES;
				CLANG_ANALYZER_NUMBER_OBJECT_CONVERSION = YES_AGGRESSIVE;
				CLANG_CXX_LANGUAGE_STANDARD = "gnu++14";
				CLANG_CXX_LIBRARY = "libc++";
				CLANG_ENABLE_MODULES = YES;
				CLANG_ENABLE_OBJC_ARC = YES;
				CLANG_ENABLE_OBJC_WEAK = YES;
				CLANG_WARN_BLOCK_CAPTURE_AUTORELEASING = YES;
				CLANG_WARN_BOOL_CONVERSION = YES;
				CLANG_WARN_COMMA = YES;
				CLANG_WARN_CONSTANT_CONVERSION = YES;
				CLANG_WARN_DEPRECATED_OBJC_IMPLEMENTATIONS = YES;
				CLANG_WARN_DIRECT_OBJC_ISA_USAGE = YES_ERROR;
				CLANG_WARN_DOCUMENTATION_COMMENTS = YES;
				CLANG_WARN_EMPTY_BODY = YES;
				CLANG_WARN_ENUM_CONVERSION = YES;
				CLANG_WARN_INFINITE_RECURSION = YES;
				CLANG_WARN_INT_CONVERSION = YES;
				CLANG_WARN_NON_LITERAL_NULL_CONVERSION = YES;
				CLANG_WARN_OBJC_IMPLICIT_RETAIN_SELF = YES;
				CLANG_WARN_OBJC_LITERAL_CONVERSION = YES;
				CLANG_WARN_OBJC_ROOT_CLASS = YES_ERROR;
				CLANG_WARN_RANGE_LOOP_ANALYSIS = YES;
				CLANG_WARN_STRICT_PROTOTYPES = YES;
				CLANG_WARN_SUSPICIOUS_MOVE = YES;
				CLANG_WARN_UNGUARDED_AVAILABILITY = YES_AGGRESSIVE;
				CLANG_WARN_UNREACHABLE_CODE = YES;
				CLANG_WARN__DUPLICATE_METHOD_MATCH = YES;
				CODE_SIGN_IDENTITY = "iPhone Developer";
				COPY_PHASE_STRIP = NO;
				DEBUG_INFORMATION_FORMAT = "dwarf-with-dsym";
				ENABLE_NS_ASSERTIONS = NO;
				ENABLE_STRICT_OBJC_MSGSEND = YES;
				GCC_C_LANGUAGE_STANDARD = gnu11;
				GCC_NO_COMMON_BLOCKS = YES;
				GCC_WARN_64_TO_32_BIT_CONVERSION = YES;
				GCC_WARN_ABOUT_RETURN_TYPE = YES_ERROR;
				GCC_WARN_UNDECLARED_SELECTOR = YES;
				GCC_WARN_UNINITIALIZED_AUTOS = YES_AGGRESSIVE;
				GCC_WARN_UNUSED_FUNCTION = YES;
				GCC_WARN_UNUSED_VARIABLE = YES;
				IPHONEOS_DEPLOYMENT_TARGET = 12.1;
				MTL_ENABLE_DEBUG_INFO = NO;
				MTL_FAST_MATH = YES;
				SDKROOT = iphoneos;
				SWIFT_COMPILATION_MODE = wholemodule;
				SWIFT_OPTIMIZATION_LEVEL = "-O";
				VALIDATE_PRODUCT = YES;
			};
			name = Release;
		};
		975003592218945D00213DA1 /* Debug */ = {
			isa = XCBuildConfiguration;
			baseConfigurationReference = D55A2929E040C5CBB241EFF3 /* Pods-app-ios2.debug.xcconfig */;
			buildSettings = {
				ASSETCATALOG_COMPILER_APPICON_NAME = AppIcon;
				CODE_SIGN_STYLE = Automatic;
				DEVELOPMENT_TEAM = QPMUL5PE82;
				INFOPLIST_FILE = "app-ios2/Info.plist";
				LD_RUNPATH_SEARCH_PATHS = (
					"$(inherited)",
					"@executable_path/Frameworks",
				);
				PRODUCT_BUNDLE_IDENTIFIER = "com.robertsabec.app-ios2";
				PRODUCT_NAME = "$(TARGET_NAME)";
				SWIFT_VERSION = 4.2;
				TARGETED_DEVICE_FAMILY = "1,2";
			};
			name = Debug;
		};
		9750035A2218945D00213DA1 /* Release */ = {
			isa = XCBuildConfiguration;
			baseConfigurationReference = C748E57B155175EA8243897D /* Pods-app-ios2.release.xcconfig */;
			buildSettings = {
				ASSETCATALOG_COMPILER_APPICON_NAME = AppIcon;
				CODE_SIGN_STYLE = Automatic;
				DEVELOPMENT_TEAM = QPMUL5PE82;
				INFOPLIST_FILE = "app-ios2/Info.plist";
				LD_RUNPATH_SEARCH_PATHS = (
					"$(inherited)",
					"@executable_path/Frameworks",
				);
				PRODUCT_BUNDLE_IDENTIFIER = "com.robertsabec.app-ios2";
				PRODUCT_NAME = "$(TARGET_NAME)";
				SWIFT_VERSION = 4.2;
				TARGETED_DEVICE_FAMILY = "1,2";
			};
			name = Release;
		};
/* End XCBuildConfiguration section */

/* Begin XCConfigurationList section */
		975003412218945C00213DA1 /* Build configuration list for PBXProject "app-ios2" */ = {
			isa = XCConfigurationList;
			buildConfigurations = (
				975003562218945D00213DA1 /* Debug */,
				975003572218945D00213DA1 /* Release */,
			);
			defaultConfigurationIsVisible = 0;
			defaultConfigurationName = Release;
		};
		975003582218945D00213DA1 /* Build configuration list for PBXNativeTarget "app-ios2" */ = {
			isa = XCConfigurationList;
			buildConfigurations = (
				975003592218945D00213DA1 /* Debug */,
				9750035A2218945D00213DA1 /* Release */,
			);
			defaultConfigurationIsVisible = 0;
			defaultConfigurationName = Release;
		};
/* End XCConfigurationList section */
	};
	rootObject = 9750033E2218945C00213DA1 /* Project object */;
}
