// !$*UTF8*$!
{
	archiveVersion = 1;
	classes = {
	};
	objectVersion = 50;
	objects = {

/* Begin PBXBuildFile section */
		975003102218856300213DA1 /* AppDelegate.swift in Sources */ = {isa = PBXBuildFile; fileRef = 9750030F2218856300213DA1 /* AppDelegate.swift */; };
		975003122218856300213DA1 /* ViewController.swift in Sources */ = {isa = PBXBuildFile; fileRef = 975003112218856300213DA1 /* ViewController.swift */; };
		975003152218856300213DA1 /* Main.storyboard in Resources */ = {isa = PBXBuildFile; fileRef = 975003132218856300213DA1 /* Main.storyboard */; };
		975003172218856400213DA1 /* Assets.xcassets in Resources */ = {isa = PBXBuildFile; fileRef = 975003162218856400213DA1 /* Assets.xcassets */; };
		9750031A2218856400213DA1 /* LaunchScreen.storyboard in Resources */ = {isa = PBXBuildFile; fileRef = 975003182218856400213DA1 /* LaunchScreen.storyboard */; };
		975003252218856500213DA1 /* app_iosTests.swift in Sources */ = {isa = PBXBuildFile; fileRef = 975003242218856500213DA1 /* app_iosTests.swift */; };
		975003302218856500213DA1 /* app_iosUITests.swift in Sources */ = {isa = PBXBuildFile; fileRef = 9750032F2218856500213DA1 /* app_iosUITests.swift */; };
		F69BF219290806DB83D0C792 /* Pods_app_ios.framework in Frameworks */ = {isa = PBXBuildFile; fileRef = 06BD5C3410BDCC7CB57A7782 /* Pods_app_ios.framework */; };
/* End PBXBuildFile section */

/* Begin PBXContainerItemProxy section */
		975003212218856500213DA1 /* PBXContainerItemProxy */ = {
			isa = PBXContainerItemProxy;
			containerPortal = 975003042218856300213DA1 /* Project object */;
			proxyType = 1;
			remoteGlobalIDString = 9750030B2218856300213DA1;
			remoteInfo = "app-ios";
		};
		9750032C2218856500213DA1 /* PBXContainerItemProxy */ = {
			isa = PBXContainerItemProxy;
			containerPortal = 975003042218856300213DA1 /* Project object */;
			proxyType = 1;
			remoteGlobalIDString = 9750030B2218856300213DA1;
			remoteInfo = "app-ios";
		};
/* End PBXContainerItemProxy section */

/* Begin PBXFileReference section */
		06BD5C3410BDCC7CB57A7782 /* Pods_app_ios.framework */ = {isa = PBXFileReference; explicitFileType = wrapper.framework; includeInIndex = 0; path = Pods_app_ios.framework; sourceTree = BUILT_PRODUCTS_DIR; };
		67F6791D30048528488A6966 /* Pods-app-ios.release.xcconfig */ = {isa = PBXFileReference; includeInIndex = 1; lastKnownFileType = text.xcconfig; name = "Pods-app-ios.release.xcconfig"; path = "Target Support Files/Pods-app-ios/Pods-app-ios.release.xcconfig"; sourceTree = "<group>"; };
		9750030C2218856300213DA1 /* app-ios.app */ = {isa = PBXFileReference; explicitFileType = wrapper.application; includeInIndex = 0; path = "app-ios.app"; sourceTree = BUILT_PRODUCTS_DIR; };
		9750030F2218856300213DA1 /* AppDelegate.swift */ = {isa = PBXFileReference; lastKnownFileType = sourcecode.swift; path = AppDelegate.swift; sourceTree = "<group>"; };
		975003112218856300213DA1 /* ViewController.swift */ = {isa = PBXFileReference; lastKnownFileType = sourcecode.swift; path = ViewController.swift; sourceTree = "<group>"; };
		975003142218856300213DA1 /* Base */ = {isa = PBXFileReference; lastKnownFileType = file.storyboard; name = Base; path = Base.lproj/Main.storyboard; sourceTree = "<group>"; };
		975003162218856400213DA1 /* Assets.xcassets */ = {isa = PBXFileReference; lastKnownFileType = folder.assetcatalog; path = Assets.xcassets; sourceTree = "<group>"; };
		975003192218856400213DA1 /* Base */ = {isa = PBXFileReference; lastKnownFileType = file.storyboard; name = Base; path = Base.lproj/LaunchScreen.storyboard; sourceTree = "<group>"; };
		9750031B2218856400213DA1 /* Info.plist */ = {isa = PBXFileReference; lastKnownFileType = text.plist.xml; path = Info.plist; sourceTree = "<group>"; };
		975003202218856500213DA1 /* app-iosTests.xctest */ = {isa = PBXFileReference; explicitFileType = wrapper.cfbundle; includeInIndex = 0; path = "app-iosTests.xctest"; sourceTree = BUILT_PRODUCTS_DIR; };
		975003242218856500213DA1 /* app_iosTests.swift */ = {isa = PBXFileReference; lastKnownFileType = sourcecode.swift; path = app_iosTests.swift; sourceTree = "<group>"; };
		975003262218856500213DA1 /* Info.plist */ = {isa = PBXFileReference; lastKnownFileType = text.plist.xml; path = Info.plist; sourceTree = "<group>"; };
		9750032B2218856500213DA1 /* app-iosUITests.xctest */ = {isa = PBXFileReference; explicitFileType = wrapper.cfbundle; includeInIndex = 0; path = "app-iosUITests.xctest"; sourceTree = BUILT_PRODUCTS_DIR; };
		9750032F2218856500213DA1 /* app_iosUITests.swift */ = {isa = PBXFileReference; lastKnownFileType = sourcecode.swift; path = app_iosUITests.swift; sourceTree = "<group>"; };
		975003312218856500213DA1 /* Info.plist */ = {isa = PBXFileReference; lastKnownFileType = text.plist.xml; path = Info.plist; sourceTree = "<group>"; };
		D0B7DF191FAE9DC15A807C20 /* Pods-app-ios.debug.xcconfig */ = {isa = PBXFileReference; includeInIndex = 1; lastKnownFileType = text.xcconfig; name = "Pods-app-ios.debug.xcconfig"; path = "Target Support Files/Pods-app-ios/Pods-app-ios.debug.xcconfig"; sourceTree = "<group>"; };
/* End PBXFileReference section */

/* Begin PBXFrameworksBuildPhase section */
		975003092218856300213DA1 /* Frameworks */ = {
			isa = PBXFrameworksBuildPhase;
			buildActionMask = 2147483647;
			files = (
				F69BF219290806DB83D0C792 /* Pods_app_ios.framework in Frameworks */,
			);
			runOnlyForDeploymentPostprocessing = 0;
		};
		9750031D2218856500213DA1 /* Frameworks */ = {
			isa = PBXFrameworksBuildPhase;
			buildActionMask = 2147483647;
			files = (
			);
			runOnlyForDeploymentPostprocessing = 0;
		};
		975003282218856500213DA1 /* Frameworks */ = {
			isa = PBXFrameworksBuildPhase;
			buildActionMask = 2147483647;
			files = (
			);
			runOnlyForDeploymentPostprocessing = 0;
		};
/* End PBXFrameworksBuildPhase section */

/* Begin PBXGroup section */
		7ECDE3B3E3D618623DC75D5A /* Pods */ = {
			isa = PBXGroup;
			children = (
				D0B7DF191FAE9DC15A807C20 /* Pods-app-ios.debug.xcconfig */,
				67F6791D30048528488A6966 /* Pods-app-ios.release.xcconfig */,
			);
			name = Pods;
			path = Pods;
			sourceTree = "<group>";
		};
		975003032218856300213DA1 = {
			isa = PBXGroup;
			children = (
				9750030E2218856300213DA1 /* app-ios */,
				975003232218856500213DA1 /* app-iosTests */,
				9750032E2218856500213DA1 /* app-iosUITests */,
				9750030D2218856300213DA1 /* Products */,
				7ECDE3B3E3D618623DC75D5A /* Pods */,
				B23D5AA13220AE96050E46C4 /* Frameworks */,
			);
			sourceTree = "<group>";
		};
		9750030D2218856300213DA1 /* Products */ = {
			isa = PBXGroup;
			children = (
				9750030C2218856300213DA1 /* app-ios.app */,
				975003202218856500213DA1 /* app-iosTests.xctest */,
				9750032B2218856500213DA1 /* app-iosUITests.xctest */,
			);
			name = Products;
			sourceTree = "<group>";
		};
		9750030E2218856300213DA1 /* app-ios */ = {
			isa = PBXGroup;
			children = (
				9750030F2218856300213DA1 /* AppDelegate.swift */,
				975003112218856300213DA1 /* ViewController.swift */,
				975003132218856300213DA1 /* Main.storyboard */,
				975003162218856400213DA1 /* Assets.xcassets */,
				975003182218856400213DA1 /* LaunchScreen.storyboard */,
				9750031B2218856400213DA1 /* Info.plist */,
			);
			path = "app-ios";
			sourceTree = "<group>";
		};
		975003232218856500213DA1 /* app-iosTests */ = {
			isa = PBXGroup;
			children = (
				975003242218856500213DA1 /* app_iosTests.swift */,
				975003262218856500213DA1 /* Info.plist */,
			);
			path = "app-iosTests";
			sourceTree = "<group>";
		};
		9750032E2218856500213DA1 /* app-iosUITests */ = {
			isa = PBXGroup;
			children = (
				9750032F2218856500213DA1 /* app_iosUITests.swift */,
				975003312218856500213DA1 /* Info.plist */,
			);
			path = "app-iosUITests";
			sourceTree = "<group>";
		};
		B23D5AA13220AE96050E46C4 /* Frameworks */ = {
			isa = PBXGroup;
			children = (
				06BD5C3410BDCC7CB57A7782 /* Pods_app_ios.framework */,
			);
			name = Frameworks;
			sourceTree = "<group>";
		};
/* End PBXGroup section */

/* Begin PBXNativeTarget section */
		9750030B2218856300213DA1 /* app-ios */ = {
			isa = PBXNativeTarget;
			buildConfigurationList = 975003342218856500213DA1 /* Build configuration list for PBXNativeTarget "app-ios" */;
			buildPhases = (
				CAB2ED1EBC43833F8DF4D5E5 /* [CP] Check Pods Manifest.lock */,
				975003082218856300213DA1 /* Sources */,
				975003092218856300213DA1 /* Frameworks */,
				9750030A2218856300213DA1 /* Resources */,
				2EF544D6AA34041E641239B4 /* [CP] Embed Pods Frameworks */,
			);
			buildRules = (
			);
			dependencies = (
			);
			name = "app-ios";
			productName = "app-ios";
			productReference = 9750030C2218856300213DA1 /* app-ios.app */;
			productType = "com.apple.product-type.application";
		};
		9750031F2218856500213DA1 /* app-iosTests */ = {
			isa = PBXNativeTarget;
			buildConfigurationList = 975003372218856500213DA1 /* Build configuration list for PBXNativeTarget "app-iosTests" */;
			buildPhases = (
				9750031C2218856500213DA1 /* Sources */,
				9750031D2218856500213DA1 /* Frameworks */,
				9750031E2218856500213DA1 /* Resources */,
			);
			buildRules = (
			);
			dependencies = (
				975003222218856500213DA1 /* PBXTargetDependency */,
			);
			name = "app-iosTests";
			productName = "app-iosTests";
			productReference = 975003202218856500213DA1 /* app-iosTests.xctest */;
			productType = "com.apple.product-type.bundle.unit-test";
		};
		9750032A2218856500213DA1 /* app-iosUITests */ = {
			isa = PBXNativeTarget;
			buildConfigurationList = 9750033A2218856500213DA1 /* Build configuration list for PBXNativeTarget "app-iosUITests" */;
			buildPhases = (
				975003272218856500213DA1 /* Sources */,
				975003282218856500213DA1 /* Frameworks */,
				975003292218856500213DA1 /* Resources */,
			);
			buildRules = (
			);
			dependencies = (
				9750032D2218856500213DA1 /* PBXTargetDependency */,
			);
			name = "app-iosUITests";
			productName = "app-iosUITests";
			productReference = 9750032B2218856500213DA1 /* app-iosUITests.xctest */;
			productType = "com.apple.product-type.bundle.ui-testing";
		};
/* End PBXNativeTarget section */

/* Begin PBXProject section */
		975003042218856300213DA1 /* Project object */ = {
			isa = PBXProject;
			attributes = {
				LastSwiftUpdateCheck = 1010;
				LastUpgradeCheck = 1010;
				ORGANIZATIONNAME = "Robert Sabec";
				TargetAttributes = {
					9750030B2218856300213DA1 = {
						CreatedOnToolsVersion = 10.1;
					};
					9750031F2218856500213DA1 = {
						CreatedOnToolsVersion = 10.1;
						TestTargetID = 9750030B2218856300213DA1;
					};
					9750032A2218856500213DA1 = {
						CreatedOnToolsVersion = 10.1;
						TestTargetID = 9750030B2218856300213DA1;
					};
				};
			};
			buildConfigurationList = 975003072218856300213DA1 /* Build configuration list for PBXProject "app-ios" */;
			compatibilityVersion = "Xcode 9.3";
			developmentRegion = en;
			hasScannedForEncodings = 0;
			knownRegions = (
				en,
				Base,
			);
			mainGroup = 975003032218856300213DA1;
			productRefGroup = 9750030D2218856300213DA1 /* Products */;
			projectDirPath = "";
			projectRoot = "";
			targets = (
				9750030B2218856300213DA1 /* app-ios */,
				9750031F2218856500213DA1 /* app-iosTests */,
				9750032A2218856500213DA1 /* app-iosUITests */,
			);
		};
/* End PBXProject section */

/* Begin PBXResourcesBuildPhase section */
		9750030A2218856300213DA1 /* Resources */ = {
			isa = PBXResourcesBuildPhase;
			buildActionMask = 2147483647;
			files = (
				9750031A2218856400213DA1 /* LaunchScreen.storyboard in Resources */,
				975003172218856400213DA1 /* Assets.xcassets in Resources */,
				975003152218856300213DA1 /* Main.storyboard in Resources */,
			);
			runOnlyForDeploymentPostprocessing = 0;
		};
		9750031E2218856500213DA1 /* Resources */ = {
			isa = PBXResourcesBuildPhase;
			buildActionMask = 2147483647;
			files = (
			);
			runOnlyForDeploymentPostprocessing = 0;
		};
		975003292218856500213DA1 /* Resources */ = {
			isa = PBXResourcesBuildPhase;
			buildActionMask = 2147483647;
			files = (
			);
			runOnlyForDeploymentPostprocessing = 0;
		};
/* End PBXResourcesBuildPhase section */

/* Begin PBXShellScriptBuildPhase section */
		2EF544D6AA34041E641239B4 /* [CP] Embed Pods Frameworks */ = {
			isa = PBXShellScriptBuildPhase;
			buildActionMask = 2147483647;
			files = (
			);
			inputFileListPaths = (
			);
			inputPaths = (
				"${PODS_ROOT}/Target Support Files/Pods-app-ios/Pods-app-ios-frameworks.sh",
				"${PODS_ROOT}/TealiumCrashReporter/TealiumCrashReporteriOS.framework",
				"${BUILT_PRODUCTS_DIR}/tealium-swift/TealiumSwift.framework",
			);
			name = "[CP] Embed Pods Frameworks";
			outputFileListPaths = (
			);
			outputPaths = (
				"${TARGET_BUILD_DIR}/${FRAMEWORKS_FOLDER_PATH}/TealiumCrashReporteriOS.framework",
				"${TARGET_BUILD_DIR}/${FRAMEWORKS_FOLDER_PATH}/TealiumSwift.framework",
			);
			runOnlyForDeploymentPostprocessing = 0;
			shellPath = /bin/sh;
			shellScript = "\"${PODS_ROOT}/Target Support Files/Pods-app-ios/Pods-app-ios-frameworks.sh\"\n";
			showEnvVarsInLog = 0;
		};
		CAB2ED1EBC43833F8DF4D5E5 /* [CP] Check Pods Manifest.lock */ = {
			isa = PBXShellScriptBuildPhase;
			buildActionMask = 2147483647;
			files = (
			);
			inputFileListPaths = (
			);
			inputPaths = (
				"${PODS_PODFILE_DIR_PATH}/Podfile.lock",
				"${PODS_ROOT}/Manifest.lock",
			);
			name = "[CP] Check Pods Manifest.lock";
			outputFileListPaths = (
			);
			outputPaths = (
				"$(DERIVED_FILE_DIR)/Pods-app-ios-checkManifestLockResult.txt",
			);
			runOnlyForDeploymentPostprocessing = 0;
			shellPath = /bin/sh;
			shellScript = "diff \"${PODS_PODFILE_DIR_PATH}/Podfile.lock\" \"${PODS_ROOT}/Manifest.lock\" > /dev/null\nif [ $? != 0 ] ; then\n    # print error to STDERR\n    echo \"error: The sandbox is not in sync with the Podfile.lock. Run 'pod install' or update your CocoaPods installation.\" >&2\n    exit 1\nfi\n# This output is used by Xcode 'outputs' to avoid re-running this script phase.\necho \"SUCCESS\" > \"${SCRIPT_OUTPUT_FILE_0}\"\n";
			showEnvVarsInLog = 0;
		};
/* End PBXShellScriptBuildPhase section */

/* Begin PBXSourcesBuildPhase section */
		975003082218856300213DA1 /* Sources */ = {
			isa = PBXSourcesBuildPhase;
			buildActionMask = 2147483647;
			files = (
				975003122218856300213DA1 /* ViewController.swift in Sources */,
				975003102218856300213DA1 /* AppDelegate.swift in Sources */,
			);
			runOnlyForDeploymentPostprocessing = 0;
		};
		9750031C2218856500213DA1 /* Sources */ = {
			isa = PBXSourcesBuildPhase;
			buildActionMask = 2147483647;
			files = (
				975003252218856500213DA1 /* app_iosTests.swift in Sources */,
			);
			runOnlyForDeploymentPostprocessing = 0;
		};
		975003272218856500213DA1 /* Sources */ = {
			isa = PBXSourcesBuildPhase;
			buildActionMask = 2147483647;
			files = (
				975003302218856500213DA1 /* app_iosUITests.swift in Sources */,
			);
			runOnlyForDeploymentPostprocessing = 0;
		};
/* End PBXSourcesBuildPhase section */

/* Begin PBXTargetDependency section */
		975003222218856500213DA1 /* PBXTargetDependency */ = {
			isa = PBXTargetDependency;
			target = 9750030B2218856300213DA1 /* app-ios */;
			targetProxy = 975003212218856500213DA1 /* PBXContainerItemProxy */;
		};
		9750032D2218856500213DA1 /* PBXTargetDependency */ = {
			isa = PBXTargetDependency;
			target = 9750030B2218856300213DA1 /* app-ios */;
			targetProxy = 9750032C2218856500213DA1 /* PBXContainerItemProxy */;
		};
/* End PBXTargetDependency section */

/* Begin PBXVariantGroup section */
		975003132218856300213DA1 /* Main.storyboard */ = {
			isa = PBXVariantGroup;
			children = (
				975003142218856300213DA1 /* Base */,
			);
			name = Main.storyboard;
			sourceTree = "<group>";
		};
		975003182218856400213DA1 /* LaunchScreen.storyboard */ = {
			isa = PBXVariantGroup;
			children = (
				975003192218856400213DA1 /* Base */,
			);
			name = LaunchScreen.storyboard;
			sourceTree = "<group>";
		};
/* End PBXVariantGroup section */

/* Begin XCBuildConfiguration section */
		975003322218856500213DA1 /* Debug */ = {
			isa = XCBuildConfiguration;
			buildSettings = {
				ALWAYS_SEARCH_USER_PATHS = NO;
				CLANG_ANALYZER_NONNULL = YES;
				CLANG_ANALYZER_NUMBER_OBJECT_CONVERSION = YES_AGGRESSIVE;
				CLANG_CXX_LANGUAGE_STANDARD = "gnu++14";
				CLANG_CXX_LIBRARY = "libc++";
				CLANG_ENABLE_MODULES = YES;
				CLANG_ENABLE_OBJC_ARC = YES;
				CLANG_ENABLE_OBJC_WEAK = YES;
				CLANG_WARN_BLOCK_CAPTURE_AUTORELEASING = YES;
				CLANG_WARN_BOOL_CONVERSION = YES;
				CLANG_WARN_COMMA = YES;
				CLANG_WARN_CONSTANT_CONVERSION = YES;
				CLANG_WARN_DEPRECATED_OBJC_IMPLEMENTATIONS = YES;
				CLANG_WARN_DIRECT_OBJC_ISA_USAGE = YES_ERROR;
				CLANG_WARN_DOCUMENTATION_COMMENTS = YES;
				CLANG_WARN_EMPTY_BODY = YES;
				CLANG_WARN_ENUM_CONVERSION = YES;
				CLANG_WARN_INFINITE_RECURSION = YES;
				CLANG_WARN_INT_CONVERSION = YES;
				CLANG_WARN_NON_LITERAL_NULL_CONVERSION = YES;
				CLANG_WARN_OBJC_IMPLICIT_RETAIN_SELF = YES;
				CLANG_WARN_OBJC_LITERAL_CONVERSION = YES;
				CLANG_WARN_OBJC_ROOT_CLASS = YES_ERROR;
				CLANG_WARN_RANGE_LOOP_ANALYSIS = YES;
				CLANG_WARN_STRICT_PROTOTYPES = YES;
				CLANG_WARN_SUSPICIOUS_MOVE = YES;
				CLANG_WARN_UNGUARDED_AVAILABILITY = YES_AGGRESSIVE;
				CLANG_WARN_UNREACHABLE_CODE = YES;
				CLANG_WARN__DUPLICATE_METHOD_MATCH = YES;
				CODE_SIGN_IDENTITY = "iPhone Developer";
				COPY_PHASE_STRIP = NO;
				DEBUG_INFORMATION_FORMAT = dwarf;
				ENABLE_STRICT_OBJC_MSGSEND = YES;
				ENABLE_TESTABILITY = YES;
				GCC_C_LANGUAGE_STANDARD = gnu11;
				GCC_DYNAMIC_NO_PIC = NO;
				GCC_NO_COMMON_BLOCKS = YES;
				GCC_OPTIMIZATION_LEVEL = 0;
				GCC_PREPROCESSOR_DEFINITIONS = (
					"DEBUG=1",
					"$(inherited)",
				);
				GCC_WARN_64_TO_32_BIT_CONVERSION = YES;
				GCC_WARN_ABOUT_RETURN_TYPE = YES_ERROR;
				GCC_WARN_UNDECLARED_SELECTOR = YES;
				GCC_WARN_UNINITIALIZED_AUTOS = YES_AGGRESSIVE;
				GCC_WARN_UNUSED_FUNCTION = YES;
				GCC_WARN_UNUSED_VARIABLE = YES;
				IPHONEOS_DEPLOYMENT_TARGET = 12.1;
				MTL_ENABLE_DEBUG_INFO = INCLUDE_SOURCE;
				MTL_FAST_MATH = YES;
				ONLY_ACTIVE_ARCH = YES;
				SDKROOT = iphoneos;
				SWIFT_ACTIVE_COMPILATION_CONDITIONS = DEBUG;
				SWIFT_OPTIMIZATION_LEVEL = "-Onone";
			};
			name = Debug;
		};
		975003332218856500213DA1 /* Release */ = {
			isa = XCBuildConfiguration;
			buildSettings = {
				ALWAYS_SEARCH_USER_PATHS = NO;
				CLANG_ANALYZER_NONNULL = YES;
				CLANG_ANALYZER_NUMBER_OBJECT_CONVERSION = YES_AGGRESSIVE;
				CLANG_CXX_LANGUAGE_STANDARD = "gnu++14";
				CLANG_CXX_LIBRARY = "libc++";
				CLANG_ENABLE_MODULES = YES;
				CLANG_ENABLE_OBJC_ARC = YES;
				CLANG_ENABLE_OBJC_WEAK = YES;
				CLANG_WARN_BLOCK_CAPTURE_AUTORELEASING = YES;
				CLANG_WARN_BOOL_CONVERSION = YES;
				CLANG_WARN_COMMA = YES;
				CLANG_WARN_CONSTANT_CONVERSION = YES;
				CLANG_WARN_DEPRECATED_OBJC_IMPLEMENTATIONS = YES;
				CLANG_WARN_DIRECT_OBJC_ISA_USAGE = YES_ERROR;
				CLANG_WARN_DOCUMENTATION_COMMENTS = YES;
				CLANG_WARN_EMPTY_BODY = YES;
				CLANG_WARN_ENUM_CONVERSION = YES;
				CLANG_WARN_INFINITE_RECURSION = YES;
				CLANG_WARN_INT_CONVERSION = YES;
				CLANG_WARN_NON_LITERAL_NULL_CONVERSION = YES;
				CLANG_WARN_OBJC_IMPLICIT_RETAIN_SELF = YES;
				CLANG_WARN_OBJC_LITERAL_CONVERSION = YES;
				CLANG_WARN_OBJC_ROOT_CLASS = YES_ERROR;
				CLANG_WARN_RANGE_LOOP_ANALYSIS = YES;
				CLANG_WARN_STRICT_PROTOTYPES = YES;
				CLANG_WARN_SUSPICIOUS_MOVE = YES;
				CLANG_WARN_UNGUARDED_AVAILABILITY = YES_AGGRESSIVE;
				CLANG_WARN_UNREACHABLE_CODE = YES;
				CLANG_WARN__DUPLICATE_METHOD_MATCH = YES;
				CODE_SIGN_IDENTITY = "iPhone Developer";
				COPY_PHASE_STRIP = NO;
				DEBUG_INFORMATION_FORMAT = "dwarf-with-dsym";
				ENABLE_NS_ASSERTIONS = NO;
				ENABLE_STRICT_OBJC_MSGSEND = YES;
				GCC_C_LANGUAGE_STANDARD = gnu11;
				GCC_NO_COMMON_BLOCKS = YES;
				GCC_WARN_64_TO_32_BIT_CONVERSION = YES;
				GCC_WARN_ABOUT_RETURN_TYPE = YES_ERROR;
				GCC_WARN_UNDECLARED_SELECTOR = YES;
				GCC_WARN_UNINITIALIZED_AUTOS = YES_AGGRESSIVE;
				GCC_WARN_UNUSED_FUNCTION = YES;
				GCC_WARN_UNUSED_VARIABLE = YES;
				IPHONEOS_DEPLOYMENT_TARGET = 12.1;
				MTL_ENABLE_DEBUG_INFO = NO;
				MTL_FAST_MATH = YES;
				SDKROOT = iphoneos;
				SWIFT_COMPILATION_MODE = wholemodule;
				SWIFT_OPTIMIZATION_LEVEL = "-O";
				VALIDATE_PRODUCT = YES;
			};
			name = Release;
		};
		975003352218856500213DA1 /* Debug */ = {
			isa = XCBuildConfiguration;
			baseConfigurationReference = D0B7DF191FAE9DC15A807C20 /* Pods-app-ios.debug.xcconfig */;
			buildSettings = {
				ASSETCATALOG_COMPILER_APPICON_NAME = AppIcon;
				CODE_SIGN_STYLE = Automatic;
				DEVELOPMENT_TEAM = QPMUL5PE82;
				INFOPLIST_FILE = "app-ios/Info.plist";
				LD_RUNPATH_SEARCH_PATHS = (
					"$(inherited)",
					"@executable_path/Frameworks",
				);
				PRODUCT_BUNDLE_IDENTIFIER = "com.robertsabec.app-ios";
				PRODUCT_NAME = "$(TARGET_NAME)";
				SWIFT_VERSION = 4.2;
				TARGETED_DEVICE_FAMILY = "1,2";
			};
			name = Debug;
		};
		975003362218856500213DA1 /* Release */ = {
			isa = XCBuildConfiguration;
			baseConfigurationReference = 67F6791D30048528488A6966 /* Pods-app-ios.release.xcconfig */;
			buildSettings = {
				ASSETCATALOG_COMPILER_APPICON_NAME = AppIcon;
				CODE_SIGN_STYLE = Automatic;
				DEVELOPMENT_TEAM = QPMUL5PE82;
				INFOPLIST_FILE = "app-ios/Info.plist";
				LD_RUNPATH_SEARCH_PATHS = (
					"$(inherited)",
					"@executable_path/Frameworks",
				);
				PRODUCT_BUNDLE_IDENTIFIER = "com.robertsabec.app-ios";
				PRODUCT_NAME = "$(TARGET_NAME)";
				SWIFT_VERSION = 4.2;
				TARGETED_DEVICE_FAMILY = "1,2";
			};
			name = Release;
		};
		975003382218856500213DA1 /* Debug */ = {
			isa = XCBuildConfiguration;
			buildSettings = {
				ALWAYS_EMBED_SWIFT_STANDARD_LIBRARIES = YES;
				BUNDLE_LOADER = "$(TEST_HOST)";
				CODE_SIGN_STYLE = Automatic;
				DEVELOPMENT_TEAM = QPMUL5PE82;
				INFOPLIST_FILE = "app-iosTests/Info.plist";
				LD_RUNPATH_SEARCH_PATHS = (
					"$(inherited)",
					"@executable_path/Frameworks",
					"@loader_path/Frameworks",
				);
				PRODUCT_BUNDLE_IDENTIFIER = "com.robertsabec.app-iosTests";
				PRODUCT_NAME = "$(TARGET_NAME)";
				SWIFT_VERSION = 4.2;
				TARGETED_DEVICE_FAMILY = "1,2";
				TEST_HOST = "$(BUILT_PRODUCTS_DIR)/app-ios.app/app-ios";
			};
			name = Debug;
		};
		975003392218856500213DA1 /* Release */ = {
			isa = XCBuildConfiguration;
			buildSettings = {
				ALWAYS_EMBED_SWIFT_STANDARD_LIBRARIES = YES;
				BUNDLE_LOADER = "$(TEST_HOST)";
				CODE_SIGN_STYLE = Automatic;
				DEVELOPMENT_TEAM = QPMUL5PE82;
				INFOPLIST_FILE = "app-iosTests/Info.plist";
				LD_RUNPATH_SEARCH_PATHS = (
					"$(inherited)",
					"@executable_path/Frameworks",
					"@loader_path/Frameworks",
				);
				PRODUCT_BUNDLE_IDENTIFIER = "com.robertsabec.app-iosTests";
				PRODUCT_NAME = "$(TARGET_NAME)";
				SWIFT_VERSION = 4.2;
				TARGETED_DEVICE_FAMILY = "1,2";
				TEST_HOST = "$(BUILT_PRODUCTS_DIR)/app-ios.app/app-ios";
			};
			name = Release;
		};
		9750033B2218856500213DA1 /* Debug */ = {
			isa = XCBuildConfiguration;
			buildSettings = {
				ALWAYS_EMBED_SWIFT_STANDARD_LIBRARIES = YES;
				CODE_SIGN_STYLE = Automatic;
				DEVELOPMENT_TEAM = QPMUL5PE82;
				INFOPLIST_FILE = "app-iosUITests/Info.plist";
				LD_RUNPATH_SEARCH_PATHS = (
					"$(inherited)",
					"@executable_path/Frameworks",
					"@loader_path/Frameworks",
				);
				PRODUCT_BUNDLE_IDENTIFIER = "com.robertsabec.app-iosUITests";
				PRODUCT_NAME = "$(TARGET_NAME)";
				SWIFT_VERSION = 4.2;
				TARGETED_DEVICE_FAMILY = "1,2";
				TEST_TARGET_NAME = "app-ios";
			};
			name = Debug;
		};
		9750033C2218856500213DA1 /* Release */ = {
			isa = XCBuildConfiguration;
			buildSettings = {
				ALWAYS_EMBED_SWIFT_STANDARD_LIBRARIES = YES;
				CODE_SIGN_STYLE = Automatic;
				DEVELOPMENT_TEAM = QPMUL5PE82;
				INFOPLIST_FILE = "app-iosUITests/Info.plist";
				LD_RUNPATH_SEARCH_PATHS = (
					"$(inherited)",
					"@executable_path/Frameworks",
					"@loader_path/Frameworks",
				);
				PRODUCT_BUNDLE_IDENTIFIER = "com.robertsabec.app-iosUITests";
				PRODUCT_NAME = "$(TARGET_NAME)";
				SWIFT_VERSION = 4.2;
				TARGETED_DEVICE_FAMILY = "1,2";
				TEST_TARGET_NAME = "app-ios";
			};
			name = Release;
		};
/* End XCBuildConfiguration section */

/* Begin XCConfigurationList section */
		975003072218856300213DA1 /* Build configuration list for PBXProject "app-ios" */ = {
			isa = XCConfigurationList;
			buildConfigurations = (
				975003322218856500213DA1 /* Debug */,
				975003332218856500213DA1 /* Release */,
			);
			defaultConfigurationIsVisible = 0;
			defaultConfigurationName = Release;
		};
		975003342218856500213DA1 /* Build configuration list for PBXNativeTarget "app-ios" */ = {
			isa = XCConfigurationList;
			buildConfigurations = (
				975003352218856500213DA1 /* Debug */,
				975003362218856500213DA1 /* Release */,
			);
			defaultConfigurationIsVisible = 0;
			defaultConfigurationName = Release;
		};
		975003372218856500213DA1 /* Build configuration list for PBXNativeTarget "app-iosTests" */ = {
			isa = XCConfigurationList;
			buildConfigurations = (
				975003382218856500213DA1 /* Debug */,
				975003392218856500213DA1 /* Release */,
			);
			defaultConfigurationIsVisible = 0;
			defaultConfigurationName = Release;
		};
		9750033A2218856500213DA1 /* Build configuration list for PBXNativeTarget "app-iosUITests" */ = {
			isa = XCConfigurationList;
			buildConfigurations = (
				9750033B2218856500213DA1 /* Debug */,
				9750033C2218856500213DA1 /* Release */,
			);
			defaultConfigurationIsVisible = 0;
			defaultConfigurationName = Release;
		};
/* End XCConfigurationList section */
	};
	rootObject = 975003042218856300213DA1 /* Project object */;
}
